
Microsoft Visual Studio Solution File, Format Version 12.00
# Visual Studio Version 17
VisualStudioVersion = 17.9.34728.123
MinimumVisualStudioVersion = 10.0.40219.1
Project("{FAE04EC0-301F-11D3-BF4B-00C04F79EFBC}") = "Database_Systems_Project", "Database_Systems_Project.csproj", "{4DE12582-5F3C-439B-A17F-B2B8CC34A13C}"
EndProject
Global
	GlobalSection(SolutionConfigurationPlatforms) = preSolution
		Debug|Any CPU = Debug|Any CPU
		Release|Any CPU = Release|Any CPU
	EndGlobalSection
	GlobalSection(ProjectConfigurationPlatforms) = postSolution
		{4DE12582-5F3C-439B-A17F-B2B8CC34A13C}.Debug|Any CPU.ActiveCfg = Debug|Any CPU
		{4DE12582-5F3C-439B-A17F-B2B8CC34A13C}.Debug|Any CPU.Build.0 = Debug|Any CPU
		{4DE12582-5F3C-439B-A17F-B2B8CC34A13C}.Release|Any CPU.ActiveCfg = Release|Any CPU
		{4DE12582-5F3C-439B-A17F-B2B8CC34A13C}.Release|Any CPU.Build.0 = Release|Any CPU
	EndGlobalSection
	GlobalSection(SolutionProperties) = preSolution
		HideSolutionNode = FALSE
	EndGlobalSection
	GlobalSection(ExtensibilityGlobals) = postSolution
		SolutionGuid = {3B25DAF6-0861-4B74-AF74-D1F1E45872C5}
	EndGlobalSection
EndGlobal
